PODS:
  - Alamofire (5.2.1)
  - Introspect (0.1.0)
  - Kingfisher (5.14.1):
    - Kingfisher/Core (= 5.14.1)
  - Kingfisher/Core (5.14.1)
  - Kingfisher/SwiftUI (5.14.1):
    - Kingfisher/Core
  - SwiftUIRefresh (0.0.3):
    - Introspect (~> 0.1.0)

DEPENDENCIES:
  - Alamofire (~> 5.2)
  - Kingfisher (~> 5.14)
  - Kingfisher/SwiftUI
  - SwiftUIRefresh

SPEC REPOS:
  trunk:
    - Alamofire
    - Introspect
    - Kingfisher
    - SwiftUIRefresh

SPEC CHECKSUMS:
  Alamofire: e911732990610fe89af59ac0077f923d72dc3dfd
  Introspect: ad32f2b7b9e7ac2c008b9dfec3d5325fbd3660fa
  Kingfisher: 8050bc6f7f68cbf3908bd04df7ccbac188f6d6d6
  SwiftUIRefresh: ca6ae2718d25aad5dd68bbf5d2ae36ef6ade98bf

PODFILE CHECKSUM: ec9a52892e4edde276fd56129700b273ebc65ea7

COCOAPODS: 1.9.3
